{
    "version": 3,
    "terraform_version": "0.11.7",
    "serial": 2,
    "lineage": "399d6181-70e7-aff3-ecd2-8b25189cd66e",
    "modules": [
        {
            "path": [
                "root"
            ],
            "outputs": {},
            "resources": {
                "aws_ebs_volume.training-GWDIR1-Volume2": {
                    "type": "aws_ebs_volume",
                    "depends_on": [],
                    "primary": {
                        "id": "vol-0c2ed45f5cc580fb5",
                        "attributes": {
                            "arn": "arn:aws:ec2:us-west-1:290572789794:volume/vol-0c2ed45f5cc580fb5",
                            "availability_zone": "us-west-1a",
                            "encrypted": "true",
                            "id": "vol-0c2ed45f5cc580fb5",
                            "kms_key_id": "arn:aws:kms:us-west-1:290572789794:key/fd72229b-7033-495f-8344-c39c86cfcba3",
                            "size": "100",
                            "snapshot_id": "",
                            "tags.%": "1",
                            "tags.Name": "training-GWDIR1-Volume2",
                            "type": "standard"
                        },
                        "meta": {},
                        "tainted": false
                    },
                    "deposed": [],
                    "provider": "provider.aws"
                }
            },
            "depends_on": []
        }
    ]
}
