{
    "version": 3,
    "terraform_version": "0.11.7",
    "serial": 2,
    "lineage": "399d6181-70e7-aff3-ecd2-8b25189cd66e",
    "modules": [
        {
            "path": [
                "root"
            ],
            "outputs": {},
            "resources": {
                "aws_ebs_volume.training-GWDIR1-Volume2": {
                    "type": "aws_ebs_volume",
                    "depends_on": [],
                    "primary": {
                        "id": "vol-0c2ed45f5cc580fb5",
                        "attributes": {
                            "arn": "arn:aws:ec2:us-west-1:290572789794:volume/vol-0c2ed45f5cc580fb5",
                            "availability_zone": "us-west-1a",
                            "encrypted": "true",
                            "id": "vol-0c2ed45f5cc580fb5",
                            "kms_key_id": "arn:aws:kms:us-west-1:290572789794:key/fd72229b-7033-495f-8344-c39c86cfcba3",
                            "size": "100",
                            "snapshot_id": "",
                            "tags.%": "1",
                            "tags.Name": "training-GWDIR1-Volume2",
                            "type": "standard"
                        },
                        "meta": {},
                        "tainted": false
                    },
                    "deposed": [],
                    "provider": "provider.aws"
                },
                "aws_instance.Training-GWDIR1": {
                    "type": "aws_instance",
                    "depends_on": [],
                    "primary": {
                        "id": "i-00c8c185a4e29473a",
                        "attributes": {
                            "ami": "ami-02c72061",
                            "associate_public_ip_address": "false",
                            "availability_zone": "us-west-1a",
                            "credit_specification.#": "1",
                            "credit_specification.0.cpu_credits": "standard",
                            "disable_api_termination": "false",
                            "ebs_block_device.#": "0",
                            "ebs_optimized": "false",
                            "ephemeral_block_device.#": "0",
                            "get_password_data": "false",
                            "iam_instance_profile": "",
                            "id": "i-00c8c185a4e29473a",
                            "instance_state": "running",
                            "instance_type": "t2.xlarge",
                            "ipv6_addresses.#": "0",
                            "key_name": "rtcc-key",
                            "monitoring": "false",
                            "network_interface.#": "0",
                            "network_interface_id": "eni-04c59d25",
                            "password_data": "",
                            "placement_group": "",
                            "primary_network_interface_id": "eni-04c59d25",
                            "private_dns": "ip-172-16-14-126.us-west-1.compute.internal",
                            "private_ip": "172.16.14.126",
                            "public_dns": "",
                            "public_ip": "",
                            "root_block_device.#": "1",
                            "root_block_device.0.delete_on_termination": "true",
                            "root_block_device.0.iops": "300",
                            "root_block_device.0.volume_id": "vol-0299f4260ab15b92d",
                            "root_block_device.0.volume_size": "100",
                            "root_block_device.0.volume_type": "gp2",
                            "security_groups.#": "0",
                            "source_dest_check": "true",
                            "subnet_id": "subnet-b9c6e0de",
                            "tags.%": "1",
                            "tags.Name": "RTCC-Training-GWDIR1",
                            "tenancy": "default",
                            "volume_tags.%": "0",
                            "vpc_security_group_ids.#": "1",
                            "vpc_security_group_ids.6522790": "sg-05d6aa7c"
                        },
                        "meta": {
                            "e2bfb730-ecaa-11e6-8f88-34363bc7c4c0": {
                                "create": 600000000000,
                                "delete": 1200000000000,
                                "update": 600000000000
                            },
                            "schema_version": "1"
                        },
                        "tainted": false
                    },
                    "deposed": [],
                    "provider": "provider.aws"
                },
                "aws_volume_attachment.ebs_att-GWDIR1": {
                    "type": "aws_volume_attachment",
                    "depends_on": [
                        "aws_ebs_volume.training-GWDIR1-Volume2",
                        "aws_instance.Training-GWDIR1"
                    ],
                    "primary": {
                        "id": "vai-828398339",
                        "attributes": {
                            "device_name": "/dev/sda2",
                            "id": "vai-828398339",
                            "instance_id": "i-00c8c185a4e29473a",
                            "volume_id": "vol-0c2ed45f5cc580fb5"
                        },
                        "meta": {},
                        "tainted": false
                    },
                    "deposed": [],
                    "provider": "provider.aws"
                }
            },
            "depends_on": []
        }
    ]
}
